
Microsoft Visual Studio Solution File, Format Version 12.00
# Visual Studio Version 16
VisualStudioVersion = 16.0.30717.126
MinimumVisualStudioVersion = 10.0.40219.1
Project("{9A19103F-16F7-4668-BE54-9A1E7A4F7556}") = "SBDA.API", "SBDA.API\SBDA.API.csproj", "{93B532EC-905B-4BA1-AD28-68FC3435E8B8}"
EndProject
Project("{9A19103F-16F7-4668-BE54-9A1E7A4F7556}") = "SBDA.Models", "SBDA.Models\SBDA.Models.csproj", "{7E1249AA-6D76-4CE1-83EE-5A9FF0D31637}"
EndProject
Global
	GlobalSection(SolutionConfigurationPlatforms) = preSolution
		Debug|Any CPU = Debug|Any CPU
		Release|Any CPU = Release|Any CPU
	EndGlobalSection
	GlobalSection(ProjectConfigurationPlatforms) = postSolution
		{93B532EC-905B-4BA1-AD28-68FC3435E8B8}.Debug|Any CPU.ActiveCfg = Debug|Any CPU
		{93B532EC-905B-4BA1-AD28-68FC3435E8B8}.Debug|Any CPU.Build.0 = Debug|Any CPU
		{93B532EC-905B-4BA1-AD28-68FC3435E8B8}.Release|Any CPU.ActiveCfg = Release|Any CPU
		{93B532EC-905B-4BA1-AD28-68FC3435E8B8}.Release|Any CPU.Build.0 = Release|Any CPU
		{7E1249AA-6D76-4CE1-83EE-5A9FF0D31637}.Debug|Any CPU.ActiveCfg = Debug|Any CPU
		{7E1249AA-6D76-4CE1-83EE-5A9FF0D31637}.Debug|Any CPU.Build.0 = Debug|Any CPU
		{7E1249AA-6D76-4CE1-83EE-5A9FF0D31637}.Release|Any CPU.ActiveCfg = Release|Any CPU
		{7E1249AA-6D76-4CE1-83EE-5A9FF0D31637}.Release|Any CPU.Build.0 = Release|Any CPU
	EndGlobalSection
	GlobalSection(SolutionProperties) = preSolution
		HideSolutionNode = FALSE
	EndGlobalSection
	GlobalSection(ExtensibilityGlobals) = postSolution
		SolutionGuid = {80132949-DC2D-43B6-B9E7-FD731DABFB6A}
	EndGlobalSection
EndGlobal
